// !$*UTF8*$!
{
	archiveVersion = 1;
	classes = {
	};
	objectVersion = 48;
	objects = {

/* Begin PBXBuildFile section */
		3C14FB8D1F802B380029AE2D /* Page.swift in Sources */ = {isa = PBXBuildFile; fileRef = 3C14FB8C1F802B380029AE2D /* Page.swift */; };
		3C14FB901F802B590029AE2D /* Map.swift in Sources */ = {isa = PBXBuildFile; fileRef = 3C14FB8F1F802B590029AE2D /* Map.swift */; };
		3C14FB921F802B770029AE2D /* Location.swift in Sources */ = {isa = PBXBuildFile; fileRef = 3C14FB911F802B770029AE2D /* Location.swift */; };
		3C14FB941F802B7D0029AE2D /* User.swift in Sources */ = {isa = PBXBuildFile; fileRef = 3C14FB931F802B7D0029AE2D /* User.swift */; };
		3C14FB961F802B8B0029AE2D /* Coordinate.swift in Sources */ = {isa = PBXBuildFile; fileRef = 3C14FB951F802B8B0029AE2D /* Coordinate.swift */; };
		3C7536041F8026AF0073BE37 /* AppDelegate.swift in Sources */ = {isa = PBXBuildFile; fileRef = 3C7536031F8026AF0073BE37 /* AppDelegate.swift */; };
		3C7536091F8026AF0073BE37 /* Main.storyboard in Resources */ = {isa = PBXBuildFile; fileRef = 3C7536071F8026AF0073BE37 /* Main.storyboard */; };
		3C75360B1F8026AF0073BE37 /* Assets.xcassets in Resources */ = {isa = PBXBuildFile; fileRef = 3C75360A1F8026AF0073BE37 /* Assets.xcassets */; };
		3C75360E1F8026AF0073BE37 /* LaunchScreen.storyboard in Resources */ = {isa = PBXBuildFile; fileRef = 3C75360C1F8026AF0073BE37 /* LaunchScreen.storyboard */; };
		3C7536191F8026AF0073BE37 /* mapifyTests.swift in Sources */ = {isa = PBXBuildFile; fileRef = 3C7536181F8026AF0073BE37 /* mapifyTests.swift */; };
		3C76BDC11F8037ED00709EEC /* MapListViewController.swift in Sources */ = {isa = PBXBuildFile; fileRef = 3C76BDC01F8037ED00709EEC /* MapListViewController.swift */; };
		3C82049A1F80346A00F2A6C7 /* LoginCell.swift in Sources */ = {isa = PBXBuildFile; fileRef = 3C8204991F80346A00F2A6C7 /* LoginCell.swift */; };
		3C82049D1F80348600F2A6C7 /* OnboardingViewController.swift in Sources */ = {isa = PBXBuildFile; fileRef = 3C82049C1F80348600F2A6C7 /* OnboardingViewController.swift */; };
		3C8204A01F8034B500F2A6C7 /* PageCell.swift in Sources */ = {isa = PBXBuildFile; fileRef = 3C82049F1F8034B500F2A6C7 /* PageCell.swift */; };
		3C8204A21F8034C200F2A6C7 /* MapCell.swift in Sources */ = {isa = PBXBuildFile; fileRef = 3C8204A11F8034C200F2A6C7 /* MapCell.swift */; };
		467BA0E4085CD972983F9E5A /* Pods_mapify.framework in Frameworks */ = {isa = PBXBuildFile; fileRef = DB9E4495FF7C57B7218A3BB5 /* Pods_mapify.framework */; };
		ABECA7C3870051CA02B342BB /* Pods_mapifyTests.framework in Frameworks */ = {isa = PBXBuildFile; fileRef = 7E3951255EA674663C07C981 /* Pods_mapifyTests.framework */; };
/* End PBXBuildFile section */

/* Begin PBXContainerItemProxy section */
		3C7536151F8026AF0073BE37 /* PBXContainerItemProxy */ = {
			isa = PBXContainerItemProxy;
			containerPortal = 3C7535F81F8026AF0073BE37 /* Project object */;
			proxyType = 1;
			remoteGlobalIDString = 3C7535FF1F8026AF0073BE37;
			remoteInfo = mapify;
		};
/* End PBXContainerItemProxy section */

/* Begin PBXFileReference section */
		3C14FB8C1F802B380029AE2D /* Page.swift */ = {isa = PBXFileReference; lastKnownFileType = sourcecode.swift; path = Page.swift; sourceTree = "<group>"; };
		3C14FB8F1F802B590029AE2D /* Map.swift */ = {isa = PBXFileReference; lastKnownFileType = sourcecode.swift; path = Map.swift; sourceTree = "<group>"; };
		3C14FB911F802B770029AE2D /* Location.swift */ = {isa = PBXFileReference; lastKnownFileType = sourcecode.swift; path = Location.swift; sourceTree = "<group>"; };
		3C14FB931F802B7D0029AE2D /* User.swift */ = {isa = PBXFileReference; lastKnownFileType = sourcecode.swift; path = User.swift; sourceTree = "<group>"; };
		3C14FB951F802B8B0029AE2D /* Coordinate.swift */ = {isa = PBXFileReference; lastKnownFileType = sourcecode.swift; path = Coordinate.swift; sourceTree = "<group>"; };
		3C7536001F8026AF0073BE37 /* mapify.app */ = {isa = PBXFileReference; explicitFileType = wrapper.application; includeInIndex = 0; path = mapify.app; sourceTree = BUILT_PRODUCTS_DIR; };
		3C7536031F8026AF0073BE37 /* AppDelegate.swift */ = {isa = PBXFileReference; lastKnownFileType = sourcecode.swift; path = AppDelegate.swift; sourceTree = "<group>"; };
		3C7536081F8026AF0073BE37 /* Base */ = {isa = PBXFileReference; lastKnownFileType = file.storyboard; name = Base; path = Base.lproj/Main.storyboard; sourceTree = "<group>"; };
		3C75360A1F8026AF0073BE37 /* Assets.xcassets */ = {isa = PBXFileReference; lastKnownFileType = folder.assetcatalog; path = Assets.xcassets; sourceTree = "<group>"; };
		3C75360D1F8026AF0073BE37 /* Base */ = {isa = PBXFileReference; lastKnownFileType = file.storyboard; name = Base; path = Base.lproj/LaunchScreen.storyboard; sourceTree = "<group>"; };
		3C75360F1F8026AF0073BE37 /* Info.plist */ = {isa = PBXFileReference; lastKnownFileType = text.plist.xml; path = Info.plist; sourceTree = "<group>"; };
		3C7536141F8026AF0073BE37 /* mapifyTests.xctest */ = {isa = PBXFileReference; explicitFileType = wrapper.cfbundle; includeInIndex = 0; path = mapifyTests.xctest; sourceTree = BUILT_PRODUCTS_DIR; };
		3C7536181F8026AF0073BE37 /* mapifyTests.swift */ = {isa = PBXFileReference; lastKnownFileType = sourcecode.swift; path = mapifyTests.swift; sourceTree = "<group>"; };
		3C75361A1F8026AF0073BE37 /* Info.plist */ = {isa = PBXFileReference; lastKnownFileType = text.plist.xml; path = Info.plist; sourceTree = "<group>"; };
		3C76BDC01F8037ED00709EEC /* MapListViewController.swift */ = {isa = PBXFileReference; lastKnownFileType = sourcecode.swift; path = MapListViewController.swift; sourceTree = "<group>"; };
		3C8204991F80346A00F2A6C7 /* LoginCell.swift */ = {isa = PBXFileReference; lastKnownFileType = sourcecode.swift; path = LoginCell.swift; sourceTree = "<group>"; };
		3C82049C1F80348600F2A6C7 /* OnboardingViewController.swift */ = {isa = PBXFileReference; lastKnownFileType = sourcecode.swift; path = OnboardingViewController.swift; sourceTree = "<group>"; };
		3C82049F1F8034B500F2A6C7 /* PageCell.swift */ = {isa = PBXFileReference; lastKnownFileType = sourcecode.swift; path = PageCell.swift; sourceTree = "<group>"; };
		3C8204A11F8034C200F2A6C7 /* MapCell.swift */ = {isa = PBXFileReference; lastKnownFileType = sourcecode.swift; path = MapCell.swift; sourceTree = "<group>"; };
		60CF0F2C2394C0790048BA0E /* Pods-mapify.release.xcconfig */ = {isa = PBXFileReference; includeInIndex = 1; lastKnownFileType = text.xcconfig; name = "Pods-mapify.release.xcconfig"; path = "Pods/Target Support Files/Pods-mapify/Pods-mapify.release.xcconfig"; sourceTree = "<group>"; };
		7E3951255EA674663C07C981 /* Pods_mapifyTests.framework */ = {isa = PBXFileReference; explicitFileType = wrapper.framework; includeInIndex = 0; path = Pods_mapifyTests.framework; sourceTree = BUILT_PRODUCTS_DIR; };
		888C7EA24487FCD1D09DF8E8 /* Pods-mapifyTests.debug.xcconfig */ = {isa = PBXFileReference; includeInIndex = 1; lastKnownFileType = text.xcconfig; name = "Pods-mapifyTests.debug.xcconfig"; path = "Pods/Target Support Files/Pods-mapifyTests/Pods-mapifyTests.debug.xcconfig"; sourceTree = "<group>"; };
		C7F0FC3C863180AA5DBEDC69 /* Pods-mapify.debug.xcconfig */ = {isa = PBXFileReference; includeInIndex = 1; lastKnownFileType = text.xcconfig; name = "Pods-mapify.debug.xcconfig"; path = "Pods/Target Support Files/Pods-mapify/Pods-mapify.debug.xcconfig"; sourceTree = "<group>"; };
		DB9E4495FF7C57B7218A3BB5 /* Pods_mapify.framework */ = {isa = PBXFileReference; explicitFileType = wrapper.framework; includeInIndex = 0; path = Pods_mapify.framework; sourceTree = BUILT_PRODUCTS_DIR; };
		F4BC1B13EC70695B1FB29BB5 /* Pods-mapifyTests.release.xcconfig */ = {isa = PBXFileReference; includeInIndex = 1; lastKnownFileType = text.xcconfig; name = "Pods-mapifyTests.release.xcconfig"; path = "Pods/Target Support Files/Pods-mapifyTests/Pods-mapifyTests.release.xcconfig"; sourceTree = "<group>"; };
/* End PBXFileReference section */

/* Begin PBXFrameworksBuildPhase section */
		3C7535FD1F8026AF0073BE37 /* Frameworks */ = {
			isa = PBXFrameworksBuildPhase;
			buildActionMask = 2147483647;
			files = (
				467BA0E4085CD972983F9E5A /* Pods_mapify.framework in Frameworks */,
			);
			runOnlyForDeploymentPostprocessing = 0;
		};
		3C7536111F8026AF0073BE37 /* Frameworks */ = {
			isa = PBXFrameworksBuildPhase;
			buildActionMask = 2147483647;
			files = (
				ABECA7C3870051CA02B342BB /* Pods_mapifyTests.framework in Frameworks */,
			);
			runOnlyForDeploymentPostprocessing = 0;
		};
/* End PBXFrameworksBuildPhase section */

/* Begin PBXGroup section */
		3C14FB8E1F802B400029AE2D /* Models */ = {
			isa = PBXGroup;
			children = (
				3C14FB8C1F802B380029AE2D /* Page.swift */,
				3C14FB8F1F802B590029AE2D /* Map.swift */,
				3C14FB911F802B770029AE2D /* Location.swift */,
				3C14FB931F802B7D0029AE2D /* User.swift */,
				3C14FB951F802B8B0029AE2D /* Coordinate.swift */,
			);
			path = Models;
			sourceTree = "<group>";
		};
		3C7535F71F8026AF0073BE37 = {
			isa = PBXGroup;
			children = (
				3C7536021F8026AF0073BE37 /* mapify */,
				3C7536171F8026AF0073BE37 /* mapifyTests */,
				3C7536011F8026AF0073BE37 /* Products */,
				973F73E45BDFC5045714F56E /* Pods */,
				AF1DA5B93A85F817926ABA7B /* Frameworks */,
			);
			sourceTree = "<group>";
		};
		3C7536011F8026AF0073BE37 /* Products */ = {
			isa = PBXGroup;
			children = (
				3C7536001F8026AF0073BE37 /* mapify.app */,
				3C7536141F8026AF0073BE37 /* mapifyTests.xctest */,
			);
			name = Products;
			sourceTree = "<group>";
		};
		3C7536021F8026AF0073BE37 /* mapify */ = {
			isa = PBXGroup;
			children = (
				3C7536031F8026AF0073BE37 /* AppDelegate.swift */,
				3C14FB8E1F802B400029AE2D /* Models */,
				3C82049B1F80346E00F2A6C7 /* Views */,
				3C82049E1F80348C00F2A6C7 /* Controllers */,
				3C7536071F8026AF0073BE37 /* Main.storyboard */,
				3C75360A1F8026AF0073BE37 /* Assets.xcassets */,
				3C75360C1F8026AF0073BE37 /* LaunchScreen.storyboard */,
				3C75360F1F8026AF0073BE37 /* Info.plist */,
			);
			path = mapify;
			sourceTree = "<group>";
		};
		3C7536171F8026AF0073BE37 /* mapifyTests */ = {
			isa = PBXGroup;
			children = (
				3C7536181F8026AF0073BE37 /* mapifyTests.swift */,
				3C75361A1F8026AF0073BE37 /* Info.plist */,
			);
			path = mapifyTests;
			sourceTree = "<group>";
		};
		3C82049B1F80346E00F2A6C7 /* Views */ = {
			isa = PBXGroup;
			children = (
				3C8204991F80346A00F2A6C7 /* LoginCell.swift */,
				3C82049F1F8034B500F2A6C7 /* PageCell.swift */,
				3C8204A11F8034C200F2A6C7 /* MapCell.swift */,
			);
			path = Views;
			sourceTree = "<group>";
		};
		3C82049E1F80348C00F2A6C7 /* Controllers */ = {
			isa = PBXGroup;
			children = (
				3C82049C1F80348600F2A6C7 /* OnboardingViewController.swift */,
				3C76BDC01F8037ED00709EEC /* MapListViewController.swift */,
			);
			path = Controllers;
			sourceTree = "<group>";
		};
		973F73E45BDFC5045714F56E /* Pods */ = {
			isa = PBXGroup;
			children = (
				C7F0FC3C863180AA5DBEDC69 /* Pods-mapify.debug.xcconfig */,
				60CF0F2C2394C0790048BA0E /* Pods-mapify.release.xcconfig */,
				888C7EA24487FCD1D09DF8E8 /* Pods-mapifyTests.debug.xcconfig */,
				F4BC1B13EC70695B1FB29BB5 /* Pods-mapifyTests.release.xcconfig */,
			);
			name = Pods;
			sourceTree = "<group>";
		};
		AF1DA5B93A85F817926ABA7B /* Frameworks */ = {
			isa = PBXGroup;
			children = (
				DB9E4495FF7C57B7218A3BB5 /* Pods_mapify.framework */,
				7E3951255EA674663C07C981 /* Pods_mapifyTests.framework */,
			);
			name = Frameworks;
			sourceTree = "<group>";
		};
/* End PBXGroup section */

/* Begin PBXNativeTarget section */
		3C7535FF1F8026AF0073BE37 /* mapify */ = {
			isa = PBXNativeTarget;
			buildConfigurationList = 3C75361D1F8026AF0073BE37 /* Build configuration list for PBXNativeTarget "mapify" */;
			buildPhases = (
				1B7EDD211077D9F18963844C /* [CP] Check Pods Manifest.lock */,
				3C7535FC1F8026AF0073BE37 /* Sources */,
				3C7535FD1F8026AF0073BE37 /* Frameworks */,
				3C7535FE1F8026AF0073BE37 /* Resources */,
				2A81968525B3E175D84E23B0 /* [CP] Embed Pods Frameworks */,
				664BD2E57A9B757973A34801 /* [CP] Copy Pods Resources */,
			);
			buildRules = (
			);
			dependencies = (
			);
			name = mapify;
			productName = mapify;
			productReference = 3C7536001F8026AF0073BE37 /* mapify.app */;
			productType = "com.apple.product-type.application";
		};
		3C7536131F8026AF0073BE37 /* mapifyTests */ = {
			isa = PBXNativeTarget;
			buildConfigurationList = 3C7536201F8026AF0073BE37 /* Build configuration list for PBXNativeTarget "mapifyTests" */;
			buildPhases = (
				11246BE575D704C1EFB256AF /* [CP] Check Pods Manifest.lock */,
				3C7536101F8026AF0073BE37 /* Sources */,
				3C7536111F8026AF0073BE37 /* Frameworks */,
				3C7536121F8026AF0073BE37 /* Resources */,
				467083D467EC4A567CCEFB94 /* [CP] Embed Pods Frameworks */,
				77D84C7082B0C8FB46F65A74 /* [CP] Copy Pods Resources */,
			);
			buildRules = (
			);
			dependencies = (
				3C7536161F8026AF0073BE37 /* PBXTargetDependency */,
			);
			name = mapifyTests;
			productName = mapifyTests;
			productReference = 3C7536141F8026AF0073BE37 /* mapifyTests.xctest */;
			productType = "com.apple.product-type.bundle.unit-test";
		};
/* End PBXNativeTarget section */

/* Begin PBXProject section */
		3C7535F81F8026AF0073BE37 /* Project object */ = {
			isa = PBXProject;
			attributes = {
				LastSwiftUpdateCheck = 0900;
				LastUpgradeCheck = 0900;
				ORGANIZATIONNAME = "Caleb Davis";
				TargetAttributes = {
					3C7535FF1F8026AF0073BE37 = {
						CreatedOnToolsVersion = 9.0;
						ProvisioningStyle = Automatic;
					};
					3C7536131F8026AF0073BE37 = {
						CreatedOnToolsVersion = 9.0;
						ProvisioningStyle = Automatic;
						TestTargetID = 3C7535FF1F8026AF0073BE37;
					};
				};
			};
			buildConfigurationList = 3C7535FB1F8026AF0073BE37 /* Build configuration list for PBXProject "mapify" */;
			compatibilityVersion = "Xcode 8.0";
			developmentRegion = en;
			hasScannedForEncodings = 0;
			knownRegions = (
				en,
				Base,
			);
			mainGroup = 3C7535F71F8026AF0073BE37;
			productRefGroup = 3C7536011F8026AF0073BE37 /* Products */;
			projectDirPath = "";
			projectRoot = "";
			targets = (
				3C7535FF1F8026AF0073BE37 /* mapify */,
				3C7536131F8026AF0073BE37 /* mapifyTests */,
			);
		};
/* End PBXProject section */

/* Begin PBXResourcesBuildPhase section */
		3C7535FE1F8026AF0073BE37 /* Resources */ = {
			isa = PBXResourcesBuildPhase;
			buildActionMask = 2147483647;
			files = (
				3C75360E1F8026AF0073BE37 /* LaunchScreen.storyboard in Resources */,
				3C75360B1F8026AF0073BE37 /* Assets.xcassets in Resources */,
				3C7536091F8026AF0073BE37 /* Main.storyboard in Resources */,
			);
			runOnlyForDeploymentPostprocessing = 0;
		};
		3C7536121F8026AF0073BE37 /* Resources */ = {
			isa = PBXResourcesBuildPhase;
			buildActionMask = 2147483647;
			files = (
			);
			runOnlyForDeploymentPostprocessing = 0;
		};
/* End PBXResourcesBuildPhase section */

/* Begin PBXShellScriptBuildPhase section */
		11246BE575D704C1EFB256AF /* [CP] Check Pods Manifest.lock */ = {
			isa = PBXShellScriptBuildPhase;
			buildActionMask = 2147483647;
			files = (
			);
			inputPaths = (
				"${PODS_PODFILE_DIR_PATH}/Podfile.lock",
				"${PODS_ROOT}/Manifest.lock",
			);
			name = "[CP] Check Pods Manifest.lock";
			outputPaths = (
				"$(DERIVED_FILE_DIR)/Pods-mapifyTests-checkManifestLockResult.txt",
			);
			runOnlyForDeploymentPostprocessing = 0;
			shellPath = /bin/sh;
			shellScript = "diff \"${PODS_PODFILE_DIR_PATH}/Podfile.lock\" \"${PODS_ROOT}/Manifest.lock\" > /dev/null\nif [ $? != 0 ] ; then\n    # print error to STDERR\n    echo \"error: The sandbox is not in sync with the Podfile.lock. Run 'pod install' or update your CocoaPods installation.\" >&2\n    exit 1\nfi\n# This output is used by Xcode 'outputs' to avoid re-running this script phase.\necho \"SUCCESS\" > \"${SCRIPT_OUTPUT_FILE_0}\"\n";
			showEnvVarsInLog = 0;
		};
		1B7EDD211077D9F18963844C /* [CP] Check Pods Manifest.lock */ = {
			isa = PBXShellScriptBuildPhase;
			buildActionMask = 2147483647;
			files = (
			);
			inputPaths = (
				"${PODS_PODFILE_DIR_PATH}/Podfile.lock",
				"${PODS_ROOT}/Manifest.lock",
			);
			name = "[CP] Check Pods Manifest.lock";
			outputPaths = (
				"$(DERIVED_FILE_DIR)/Pods-mapify-checkManifestLockResult.txt",
			);
			runOnlyForDeploymentPostprocessing = 0;
			shellPath = /bin/sh;
			shellScript = "diff \"${PODS_PODFILE_DIR_PATH}/Podfile.lock\" \"${PODS_ROOT}/Manifest.lock\" > /dev/null\nif [ $? != 0 ] ; then\n    # print error to STDERR\n    echo \"error: The sandbox is not in sync with the Podfile.lock. Run 'pod install' or update your CocoaPods installation.\" >&2\n    exit 1\nfi\n# This output is used by Xcode 'outputs' to avoid re-running this script phase.\necho \"SUCCESS\" > \"${SCRIPT_OUTPUT_FILE_0}\"\n";
			showEnvVarsInLog = 0;
		};
		2A81968525B3E175D84E23B0 /* [CP] Embed Pods Frameworks */ = {
			isa = PBXShellScriptBuildPhase;
			buildActionMask = 2147483647;
			files = (
			);
			inputPaths = (
				"${SRCROOT}/Pods/Target Support Files/Pods-mapify/Pods-mapify-frameworks.sh",
				"${BUILT_PRODUCTS_DIR}/Bolts/Bolts.framework",
				"${BUILT_PRODUCTS_DIR}/Branch/Branch.framework",
				"${BUILT_PRODUCTS_DIR}/FBSDKCoreKit/FBSDKCoreKit.framework",
				"${BUILT_PRODUCTS_DIR}/FBSDKLoginKit/FBSDKLoginKit.framework",
				"${BUILT_PRODUCTS_DIR}/FacebookCore/FacebookCore.framework",
				"${BUILT_PRODUCTS_DIR}/FacebookLogin/FacebookLogin.framework",
				"${BUILT_PRODUCTS_DIR}/GTMSessionFetcher/GTMSessionFetcher.framework",
				"${BUILT_PRODUCTS_DIR}/GoogleToolboxForMac/GoogleToolboxForMac.framework",
				"${BUILT_PRODUCTS_DIR}/Protobuf/Protobuf.framework",
				"${BUILT_PRODUCTS_DIR}/SnapKit/SnapKit.framework",
				"${BUILT_PRODUCTS_DIR}/SwiftyJSON/SwiftyJSON.framework",
				"${BUILT_PRODUCTS_DIR}/leveldb-library/leveldb.framework",
				"${BUILT_PRODUCTS_DIR}/nanopb/nanopb.framework",
			);
			name = "[CP] Embed Pods Frameworks";
			outputPaths = (
				"${TARGET_BUILD_DIR}/${FRAMEWORKS_FOLDER_PATH}/Bolts.framework",
				"${TARGET_BUILD_DIR}/${FRAMEWORKS_FOLDER_PATH}/Branch.framework",
				"${TARGET_BUILD_DIR}/${FRAMEWORKS_FOLDER_PATH}/FBSDKCoreKit.framework",
				"${TARGET_BUILD_DIR}/${FRAMEWORKS_FOLDER_PATH}/FBSDKLoginKit.framework",
				"${TARGET_BUILD_DIR}/${FRAMEWORKS_FOLDER_PATH}/FacebookCore.framework",
				"${TARGET_BUILD_DIR}/${FRAMEWORKS_FOLDER_PATH}/FacebookLogin.framework",
				"${TARGET_BUILD_DIR}/${FRAMEWORKS_FOLDER_PATH}/GTMSessionFetcher.framework",
				"${TARGET_BUILD_DIR}/${FRAMEWORKS_FOLDER_PATH}/GoogleToolboxForMac.framework",
				"${TARGET_BUILD_DIR}/${FRAMEWORKS_FOLDER_PATH}/Protobuf.framework",
				"${TARGET_BUILD_DIR}/${FRAMEWORKS_FOLDER_PATH}/SnapKit.framework",
				"${TARGET_BUILD_DIR}/${FRAMEWORKS_FOLDER_PATH}/SwiftyJSON.framework",
				"${TARGET_BUILD_DIR}/${FRAMEWORKS_FOLDER_PATH}/leveldb.framework",
				"${TARGET_BUILD_DIR}/${FRAMEWORKS_FOLDER_PATH}/nanopb.framework",
			);
			runOnlyForDeploymentPostprocessing = 0;
			shellPath = /bin/sh;
			shellScript = "\"${SRCROOT}/Pods/Target Support Files/Pods-mapify/Pods-mapify-frameworks.sh\"\n";
			showEnvVarsInLog = 0;
		};
		467083D467EC4A567CCEFB94 /* [CP] Embed Pods Frameworks */ = {
			isa = PBXShellScriptBuildPhase;
			buildActionMask = 2147483647;
			files = (
			);
			inputPaths = (
			);
			name = "[CP] Embed Pods Frameworks";
			outputPaths = (
			);
			runOnlyForDeploymentPostprocessing = 0;
			shellPath = /bin/sh;
			shellScript = "\"${SRCROOT}/Pods/Target Support Files/Pods-mapifyTests/Pods-mapifyTests-frameworks.sh\"\n";
			showEnvVarsInLog = 0;
		};
		664BD2E57A9B757973A34801 /* [CP] Copy Pods Resources */ = {
			isa = PBXShellScriptBuildPhase;
			buildActionMask = 2147483647;
			files = (
			);
			inputPaths = (
			);
			name = "[CP] Copy Pods Resources";
			outputPaths = (
			);
			runOnlyForDeploymentPostprocessing = 0;
			shellPath = /bin/sh;
			shellScript = "\"${SRCROOT}/Pods/Target Support Files/Pods-mapify/Pods-mapify-resources.sh\"\n";
			showEnvVarsInLog = 0;
		};
		77D84C7082B0C8FB46F65A74 /* [CP] Copy Pods Resources */ = {
			isa = PBXShellScriptBuildPhase;
			buildActionMask = 2147483647;
			files = (
			);
			inputPaths = (
			);
			name = "[CP] Copy Pods Resources";
			outputPaths = (
			);
			runOnlyForDeploymentPostprocessing = 0;
			shellPath = /bin/sh;
			shellScript = "\"${SRCROOT}/Pods/Target Support Files/Pods-mapifyTests/Pods-mapifyTests-resources.sh\"\n";
			showEnvVarsInLog = 0;
		};
/* End PBXShellScriptBuildPhase section */

/* Begin PBXSourcesBuildPhase section */
		3C7535FC1F8026AF0073BE37 /* Sources */ = {
			isa = PBXSourcesBuildPhase;
			buildActionMask = 2147483647;
			files = (
				3C14FB961F802B8B0029AE2D /* Coordinate.swift in Sources */,
				3C7536041F8026AF0073BE37 /* AppDelegate.swift in Sources */,
				3C76BDC11F8037ED00709EEC /* MapListViewController.swift in Sources */,
				3C82049A1F80346A00F2A6C7 /* LoginCell.swift in Sources */,
				3C14FB941F802B7D0029AE2D /* User.swift in Sources */,
				3C14FB921F802B770029AE2D /* Location.swift in Sources */,
				3C8204A21F8034C200F2A6C7 /* MapCell.swift in Sources */,
				3C8204A01F8034B500F2A6C7 /* PageCell.swift in Sources */,
				3C14FB901F802B590029AE2D /* Map.swift in Sources */,
				3C82049D1F80348600F2A6C7 /* OnboardingViewController.swift in Sources */,
				3C14FB8D1F802B380029AE2D /* Page.swift in Sources */,
			);
			runOnlyForDeploymentPostprocessing = 0;
		};
		3C7536101F8026AF0073BE37 /* Sources */ = {
			isa = PBXSourcesBuildPhase;
			buildActionMask = 2147483647;
			files = (
				3C7536191F8026AF0073BE37 /* mapifyTests.swift in Sources */,
			);
			runOnlyForDeploymentPostprocessing = 0;
		};
/* End PBXSourcesBuildPhase section */

/* Begin PBXTargetDependency section */
		3C7536161F8026AF0073BE37 /* PBXTargetDependency */ = {
			isa = PBXTargetDependency;
			target = 3C7535FF1F8026AF0073BE37 /* mapify */;
			targetProxy = 3C7536151F8026AF0073BE37 /* PBXContainerItemProxy */;
		};
/* End PBXTargetDependency section */

/* Begin PBXVariantGroup section */
		3C7536071F8026AF0073BE37 /* Main.storyboard */ = {
			isa = PBXVariantGroup;
			children = (
				3C7536081F8026AF0073BE37 /* Base */,
			);
			name = Main.storyboard;
			sourceTree = "<group>";
		};
		3C75360C1F8026AF0073BE37 /* LaunchScreen.storyboard */ = {
			isa = PBXVariantGroup;
			children = (
				3C75360D1F8026AF0073BE37 /* Base */,
			);
			name = LaunchScreen.storyboard;
			sourceTree = "<group>";
		};
/* End PBXVariantGroup section */

/* Begin XCBuildConfiguration section */
		3C75361B1F8026AF0073BE37 /* Debug */ = {
			isa = XCBuildConfiguration;
			buildSettings = {
				ALWAYS_SEARCH_USER_PATHS = NO;
				CLANG_ANALYZER_NONNULL = YES;
				CLANG_ANALYZER_NUMBER_OBJECT_CONVERSION = YES_AGGRESSIVE;
				CLANG_CXX_LANGUAGE_STANDARD = "gnu++14";
				CLANG_CXX_LIBRARY = "libc++";
				CLANG_ENABLE_MODULES = YES;
				CLANG_ENABLE_OBJC_ARC = YES;
				CLANG_WARN_BLOCK_CAPTURE_AUTORELEASING = YES;
				CLANG_WARN_BOOL_CONVERSION = YES;
				CLANG_WARN_COMMA = YES;
				CLANG_WARN_CONSTANT_CONVERSION = YES;
				CLANG_WARN_DIRECT_OBJC_ISA_USAGE = YES_ERROR;
				CLANG_WARN_DOCUMENTATION_COMMENTS = YES;
				CLANG_WARN_EMPTY_BODY = YES;
				CLANG_WARN_ENUM_CONVERSION = YES;
				CLANG_WARN_INFINITE_RECURSION = YES;
				CLANG_WARN_INT_CONVERSION = YES;
				CLANG_WARN_NON_LITERAL_NULL_CONVERSION = YES;
				CLANG_WARN_OBJC_LITERAL_CONVERSION = YES;
				CLANG_WARN_OBJC_ROOT_CLASS = YES_ERROR;
				CLANG_WARN_RANGE_LOOP_ANALYSIS = YES;
				CLANG_WARN_STRICT_PROTOTYPES = YES;
				CLANG_WARN_SUSPICIOUS_MOVE = YES;
				CLANG_WARN_UNGUARDED_AVAILABILITY = YES_AGGRESSIVE;
				CLANG_WARN_UNREACHABLE_CODE = YES;
				CLANG_WARN__DUPLICATE_METHOD_MATCH = YES;
				CODE_SIGN_IDENTITY = "iPhone Developer";
				COPY_PHASE_STRIP = NO;
				DEBUG_INFORMATION_FORMAT = dwarf;
				ENABLE_STRICT_OBJC_MSGSEND = YES;
				ENABLE_TESTABILITY = YES;
				GCC_C_LANGUAGE_STANDARD = gnu11;
				GCC_DYNAMIC_NO_PIC = NO;
				GCC_NO_COMMON_BLOCKS = YES;
				GCC_OPTIMIZATION_LEVEL = 0;
				GCC_PREPROCESSOR_DEFINITIONS = (
					"DEBUG=1",
					"$(inherited)",
				);
				GCC_WARN_64_TO_32_BIT_CONVERSION = YES;
				GCC_WARN_ABOUT_RETURN_TYPE = YES_ERROR;
				GCC_WARN_UNDECLARED_SELECTOR = YES;
				GCC_WARN_UNINITIALIZED_AUTOS = YES_AGGRESSIVE;
				GCC_WARN_UNUSED_FUNCTION = YES;
				GCC_WARN_UNUSED_VARIABLE = YES;
				IPHONEOS_DEPLOYMENT_TARGET = 11.0;
				MTL_ENABLE_DEBUG_INFO = YES;
				ONLY_ACTIVE_ARCH = YES;
				SDKROOT = iphoneos;
				SWIFT_ACTIVE_COMPILATION_CONDITIONS = DEBUG;
				SWIFT_OPTIMIZATION_LEVEL = "-Onone";
			};
			name = Debug;
		};
		3C75361C1F8026AF0073BE37 /* Release */ = {
			isa = XCBuildConfiguration;
			buildSettings = {
				ALWAYS_SEARCH_USER_PATHS = NO;
				CLANG_ANALYZER_NONNULL = YES;
				CLANG_ANALYZER_NUMBER_OBJECT_CONVERSION = YES_AGGRESSIVE;
				CLANG_CXX_LANGUAGE_STANDARD = "gnu++14";
				CLANG_CXX_LIBRARY = "libc++";
				CLANG_ENABLE_MODULES = YES;
				CLANG_ENABLE_OBJC_ARC = YES;
				CLANG_WARN_BLOCK_CAPTURE_AUTORELEASING = YES;
				CLANG_WARN_BOOL_CONVERSION = YES;
				CLANG_WARN_COMMA = YES;
				CLANG_WARN_CONSTANT_CONVERSION = YES;
				CLANG_WARN_DIRECT_OBJC_ISA_USAGE = YES_ERROR;
				CLANG_WARN_DOCUMENTATION_COMMENTS = YES;
				CLANG_WARN_EMPTY_BODY = YES;
				CLANG_WARN_ENUM_CONVERSION = YES;
				CLANG_WARN_INFINITE_RECURSION = YES;
				CLANG_WARN_INT_CONVERSION = YES;
				CLANG_WARN_NON_LITERAL_NULL_CONVERSION = YES;
				CLANG_WARN_OBJC_LITERAL_CONVERSION = YES;
				CLANG_WARN_OBJC_ROOT_CLASS = YES_ERROR;
				CLANG_WARN_RANGE_LOOP_ANALYSIS = YES;
				CLANG_WARN_STRICT_PROTOTYPES = YES;
				CLANG_WARN_SUSPICIOUS_MOVE = YES;
				CLANG_WARN_UNGUARDED_AVAILABILITY = YES_AGGRESSIVE;
				CLANG_WARN_UNREACHABLE_CODE = YES;
				CLANG_WARN__DUPLICATE_METHOD_MATCH = YES;
				CODE_SIGN_IDENTITY = "iPhone Developer";
				COPY_PHASE_STRIP = NO;
				DEBUG_INFORMATION_FORMAT = "dwarf-with-dsym";
				ENABLE_NS_ASSERTIONS = NO;
				ENABLE_STRICT_OBJC_MSGSEND = YES;
				GCC_C_LANGUAGE_STANDARD = gnu11;
				GCC_NO_COMMON_BLOCKS = YES;
				GCC_WARN_64_TO_32_BIT_CONVERSION = YES;
				GCC_WARN_ABOUT_RETURN_TYPE = YES_ERROR;
				GCC_WARN_UNDECLARED_SELECTOR = YES;
				GCC_WARN_UNINITIALIZED_AUTOS = YES_AGGRESSIVE;
				GCC_WARN_UNUSED_FUNCTION = YES;
				GCC_WARN_UNUSED_VARIABLE = YES;
				IPHONEOS_DEPLOYMENT_TARGET = 11.0;
				MTL_ENABLE_DEBUG_INFO = NO;
				SDKROOT = iphoneos;
				SWIFT_OPTIMIZATION_LEVEL = "-Owholemodule";
				VALIDATE_PRODUCT = YES;
			};
			name = Release;
		};
		3C75361E1F8026AF0073BE37 /* Debug */ = {
			isa = XCBuildConfiguration;
			baseConfigurationReference = C7F0FC3C863180AA5DBEDC69 /* Pods-mapify.debug.xcconfig */;
			buildSettings = {
				ASSETCATALOG_COMPILER_APPICON_NAME = AppIcon;
				CODE_SIGN_STYLE = Automatic;
				DEVELOPMENT_TEAM = 5U69RBX6H2;
				INFOPLIST_FILE = mapify/Info.plist;
				LD_RUNPATH_SEARCH_PATHS = "$(inherited) @executable_path/Frameworks";
				PRODUCT_BUNDLE_IDENTIFIER = io.calebdavis.mapify;
				PRODUCT_NAME = "$(TARGET_NAME)";
				SWIFT_VERSION = 4.0;
				TARGETED_DEVICE_FAMILY = "1,2";
			};
			name = Debug;
		};
		3C75361F1F8026AF0073BE37 /* Release */ = {
			isa = XCBuildConfiguration;
			baseConfigurationReference = 60CF0F2C2394C0790048BA0E /* Pods-mapify.release.xcconfig */;
			buildSettings = {
				ASSETCATALOG_COMPILER_APPICON_NAME = AppIcon;
				CODE_SIGN_STYLE = Automatic;
				DEVELOPMENT_TEAM = 5U69RBX6H2;
				INFOPLIST_FILE = mapify/Info.plist;
				LD_RUNPATH_SEARCH_PATHS = "$(inherited) @executable_path/Frameworks";
				PRODUCT_BUNDLE_IDENTIFIER = io.calebdavis.mapify;
				PRODUCT_NAME = "$(TARGET_NAME)";
				SWIFT_VERSION = 4.0;
				TARGETED_DEVICE_FAMILY = "1,2";
			};
			name = Release;
		};
		3C7536211F8026AF0073BE37 /* Debug */ = {
			isa = XCBuildConfiguration;
			baseConfigurationReference = 888C7EA24487FCD1D09DF8E8 /* Pods-mapifyTests.debug.xcconfig */;
			buildSettings = {
				ALWAYS_EMBED_SWIFT_STANDARD_LIBRARIES = YES;
				BUNDLE_LOADER = "$(TEST_HOST)";
				CODE_SIGN_STYLE = Automatic;
				DEVELOPMENT_TEAM = 5U69RBX6H2;
				INFOPLIST_FILE = mapifyTests/Info.plist;
				LD_RUNPATH_SEARCH_PATHS = "$(inherited) @executable_path/Frameworks @loader_path/Frameworks";
				PRODUCT_BUNDLE_IDENTIFIER = io.calebdavis.mapifyTests;
				PRODUCT_NAME = "$(TARGET_NAME)";
				SWIFT_VERSION = 4.0;
				TARGETED_DEVICE_FAMILY = "1,2";
				TEST_HOST = "$(BUILT_PRODUCTS_DIR)/mapify.app/mapify";
			};
			name = Debug;
		};
		3C7536221F8026AF0073BE37 /* Release */ = {
			isa = XCBuildConfiguration;
			baseConfigurationReference = F4BC1B13EC70695B1FB29BB5 /* Pods-mapifyTests.release.xcconfig */;
			buildSettings = {
				ALWAYS_EMBED_SWIFT_STANDARD_LIBRARIES = YES;
				BUNDLE_LOADER = "$(TEST_HOST)";
				CODE_SIGN_STYLE = Automatic;
				DEVELOPMENT_TEAM = 5U69RBX6H2;
				INFOPLIST_FILE = mapifyTests/Info.plist;
				LD_RUNPATH_SEARCH_PATHS = "$(inherited) @executable_path/Frameworks @loader_path/Frameworks";
				PRODUCT_BUNDLE_IDENTIFIER = io.calebdavis.mapifyTests;
				PRODUCT_NAME = "$(TARGET_NAME)";
				SWIFT_VERSION = 4.0;
				TARGETED_DEVICE_FAMILY = "1,2";
				TEST_HOST = "$(BUILT_PRODUCTS_DIR)/mapify.app/mapify";
			};
			name = Release;
		};
/* End XCBuildConfiguration section */

/* Begin XCConfigurationList section */
		3C7535FB1F8026AF0073BE37 /* Build configuration list for PBXProject "mapify" */ = {
			isa = XCConfigurationList;
			buildConfigurations = (
				3C75361B1F8026AF0073BE37 /* Debug */,
				3C75361C1F8026AF0073BE37 /* Release */,
			);
			defaultConfigurationIsVisible = 0;
			defaultConfigurationName = Release;
		};
		3C75361D1F8026AF0073BE37 /* Build configuration list for PBXNativeTarget "mapify" */ = {
			isa = XCConfigurationList;
			buildConfigurations = (
				3C75361E1F8026AF0073BE37 /* Debug */,
				3C75361F1F8026AF0073BE37 /* Release */,
			);
			defaultConfigurationIsVisible = 0;
			defaultConfigurationName = Release;
		};
		3C7536201F8026AF0073BE37 /* Build configuration list for PBXNativeTarget "mapifyTests" */ = {
			isa = XCConfigurationList;
			buildConfigurations = (
				3C7536211F8026AF0073BE37 /* Debug */,
				3C7536221F8026AF0073BE37 /* Release */,
			);
			defaultConfigurationIsVisible = 0;
			defaultConfigurationName = Release;
		};
/* End XCConfigurationList section */
	};
	rootObject = 3C7535F81F8026AF0073BE37 /* Project object */;
}
